
Microsoft Visual Studio Solution File, Format Version 12.00
# Visual Studio 2013
VisualStudioVersion = 12.0.30723.0
MinimumVisualStudioVersion = 10.0.40219.1
Project("{FAE04EC0-301F-11D3-BF4B-00C04F79EFBC}") = "SemanticLogging.Elasticsearch", "src\SemanticLogging.Elasticsearch\SemanticLogging.Elasticsearch.csproj", "{5F7F3BFE-6117-43C3-AABB-7195516D9F1C}"
EndProject
Project("{FAE04EC0-301F-11D3-BF4B-00C04F79EFBC}") = "SemanticLogging.Sinks.Tests", "tests\SemanticLogging.Tests\SemanticLogging.Tests.csproj", "{AD34AEDF-684E-4EAE-B3E3-715FE3F6E4BC}"
EndProject
Global
	GlobalSection(SolutionConfigurationPlatforms) = preSolution
		Debug|Any CPU = Debug|Any CPU
		Release|Any CPU = Release|Any CPU
	EndGlobalSection
	GlobalSection(ProjectConfigurationPlatforms) = postSolution
		{5F7F3BFE-6117-43C3-AABB-7195516D9F1C}.Debug|Any CPU.ActiveCfg = Debug|Any CPU
		{5F7F3BFE-6117-43C3-AABB-7195516D9F1C}.Debug|Any CPU.Build.0 = Debug|Any CPU
		{5F7F3BFE-6117-43C3-AABB-7195516D9F1C}.Release|Any CPU.ActiveCfg = Release|Any CPU
		{5F7F3BFE-6117-43C3-AABB-7195516D9F1C}.Release|Any CPU.Build.0 = Release|Any CPU
		{AD34AEDF-684E-4EAE-B3E3-715FE3F6E4BC}.Debug|Any CPU.ActiveCfg = Debug|Any CPU
		{AD34AEDF-684E-4EAE-B3E3-715FE3F6E4BC}.Debug|Any CPU.Build.0 = Debug|Any CPU
		{AD34AEDF-684E-4EAE-B3E3-715FE3F6E4BC}.Release|Any CPU.ActiveCfg = Release|Any CPU
		{AD34AEDF-684E-4EAE-B3E3-715FE3F6E4BC}.Release|Any CPU.Build.0 = Release|Any CPU
	EndGlobalSection
	GlobalSection(SolutionProperties) = preSolution
		HideSolutionNode = FALSE
	EndGlobalSection
EndGlobal
